
Microsoft Visual Studio Solution File, Format Version 12.00
# Visual Studio Version 17
VisualStudioVersion = 17.11.35327.3
MinimumVisualStudioVersion = 10.0.40219.1
Project("{FAE04EC0-301F-11D3-BF4B-00C04F79EFBC}") = "esferas do dragao", "esferas do dragao.csproj", "{BBE06989-2C6E-432F-89FA-EA6C6CA19D73}"
EndProject
Global
	GlobalSection(SolutionConfigurationPlatforms) = preSolution
		Debug|Any CPU = Debug|Any CPU
		Release|Any CPU = Release|Any CPU
	EndGlobalSection
	GlobalSection(ProjectConfigurationPlatforms) = postSolution
		{BBE06989-2C6E-432F-89FA-EA6C6CA19D73}.Debug|Any CPU.ActiveCfg = Debug|Any CPU
		{BBE06989-2C6E-432F-89FA-EA6C6CA19D73}.Debug|Any CPU.Build.0 = Debug|Any CPU
		{BBE06989-2C6E-432F-89FA-EA6C6CA19D73}.Release|Any CPU.ActiveCfg = Release|Any CPU
		{BBE06989-2C6E-432F-89FA-EA6C6CA19D73}.Release|Any CPU.Build.0 = Release|Any CPU
	EndGlobalSection
	GlobalSection(SolutionProperties) = preSolution
		HideSolutionNode = FALSE
	EndGlobalSection
	GlobalSection(ExtensibilityGlobals) = postSolution
		SolutionGuid = {8365351A-C841-468E-B836-4160222A7355}
	EndGlobalSection
EndGlobal
